
Microsoft Visual Studio Solution File, Format Version 11.00
# Visual Studio 2010
Project("{FAE04EC0-301F-11D3-BF4B-00C04F79EFBC}") = "Fleet", "Fleet\Fleet.csproj", "{0F894080-6683-43C8-B97C-17900694E80D}"
EndProject
Global
	GlobalSection(SolutionConfigurationPlatforms) = preSolution
		Debug|x86 = Debug|x86
		Release|x86 = Release|x86
	EndGlobalSection
	GlobalSection(ProjectConfigurationPlatforms) = postSolution
		{0F894080-6683-43C8-B97C-17900694E80D}.Debug|x86.ActiveCfg = Debug|x86
		{0F894080-6683-43C8-B97C-17900694E80D}.Debug|x86.Build.0 = Debug|x86
		{0F894080-6683-43C8-B97C-17900694E80D}.Release|x86.ActiveCfg = Release|x86
		{0F894080-6683-43C8-B97C-17900694E80D}.Release|x86.Build.0 = Release|x86
	EndGlobalSection
	GlobalSection(SolutionProperties) = preSolution
		HideSolutionNode = FALSE
	EndGlobalSection
EndGlobal
