
Microsoft Visual Studio Solution File, Format Version 12.00
# Visual Studio 15
VisualStudioVersion = 15.0.28010.2048
MinimumVisualStudioVersion = 10.0.40219.1
Project("{FAE04EC0-301F-11D3-BF4B-00C04F79EFBC}") = "Sports", "Sports\Sports.csproj", "{64B6E8CB-DE86-4483-9476-0A188A65DEFC}"
EndProject
Project("{FAE04EC0-301F-11D3-BF4B-00C04F79EFBC}") = "UnitTests", "UnitTests\UnitTests.csproj", "{0C23694A-3016-4AE2-A9C1-DED41BD4D676}"
EndProject
Global
	GlobalSection(SolutionConfigurationPlatforms) = preSolution
		Debug|Any CPU = Debug|Any CPU
		Release|Any CPU = Release|Any CPU
	EndGlobalSection
	GlobalSection(ProjectConfigurationPlatforms) = postSolution
		{64B6E8CB-DE86-4483-9476-0A188A65DEFC}.Debug|Any CPU.ActiveCfg = Debug|Any CPU
		{64B6E8CB-DE86-4483-9476-0A188A65DEFC}.Debug|Any CPU.Build.0 = Debug|Any CPU
		{64B6E8CB-DE86-4483-9476-0A188A65DEFC}.Release|Any CPU.ActiveCfg = Release|Any CPU
		{64B6E8CB-DE86-4483-9476-0A188A65DEFC}.Release|Any CPU.Build.0 = Release|Any CPU
		{0C23694A-3016-4AE2-A9C1-DED41BD4D676}.Debug|Any CPU.ActiveCfg = Debug|Any CPU
		{0C23694A-3016-4AE2-A9C1-DED41BD4D676}.Debug|Any CPU.Build.0 = Debug|Any CPU
		{0C23694A-3016-4AE2-A9C1-DED41BD4D676}.Release|Any CPU.ActiveCfg = Release|Any CPU
		{0C23694A-3016-4AE2-A9C1-DED41BD4D676}.Release|Any CPU.Build.0 = Release|Any CPU
	EndGlobalSection
	GlobalSection(SolutionProperties) = preSolution
		HideSolutionNode = FALSE
	EndGlobalSection
	GlobalSection(ExtensibilityGlobals) = postSolution
		SolutionGuid = {09F5A10C-751A-4560-9302-B636ECF2DD43}
	EndGlobalSection
EndGlobal
