
Microsoft Visual Studio Solution File, Format Version 12.00
# Visual Studio 15
VisualStudioVersion = 15.0.28010.2026
MinimumVisualStudioVersion = 10.0.40219.1
Project("{FAE04EC0-301F-11D3-BF4B-00C04F79EFBC}") = "Shapes", "Shapes\Shapes.csproj", "{CCA94180-7674-4949-851F-756881436900}"
EndProject
Global
	GlobalSection(SolutionConfigurationPlatforms) = preSolution
		Debug|Any CPU = Debug|Any CPU
		Release|Any CPU = Release|Any CPU
	EndGlobalSection
	GlobalSection(ProjectConfigurationPlatforms) = postSolution
		{CCA94180-7674-4949-851F-756881436900}.Debug|Any CPU.ActiveCfg = Debug|Any CPU
		{CCA94180-7674-4949-851F-756881436900}.Debug|Any CPU.Build.0 = Debug|Any CPU
		{CCA94180-7674-4949-851F-756881436900}.Release|Any CPU.ActiveCfg = Release|Any CPU
		{CCA94180-7674-4949-851F-756881436900}.Release|Any CPU.Build.0 = Release|Any CPU
	EndGlobalSection
	GlobalSection(SolutionProperties) = preSolution
		HideSolutionNode = FALSE
	EndGlobalSection
	GlobalSection(ExtensibilityGlobals) = postSolution
		SolutionGuid = {D9C91363-E05D-49B3-AD59-4B2C77FDFF97}
	EndGlobalSection
EndGlobal
