
Microsoft Visual Studio Solution File, Format Version 12.00
# Visual Studio 15
VisualStudioVersion = 15.0.28010.2048
MinimumVisualStudioVersion = 10.0.40219.1
Project("{FAE04EC0-301F-11D3-BF4B-00C04F79EFBC}") = "MediaFile", "MediaFile\MediaFile.csproj", "{29DCD73B-9874-484C-852D-626A40D6E777}"
EndProject
Project("{FAE04EC0-301F-11D3-BF4B-00C04F79EFBC}") = "UnitTest", "UnitTest\UnitTest.csproj", "{7BBF49C8-4FCF-4580-8AFE-86954DCECDE9}"
EndProject
Global
	GlobalSection(SolutionConfigurationPlatforms) = preSolution
		Debug|Any CPU = Debug|Any CPU
		Release|Any CPU = Release|Any CPU
	EndGlobalSection
	GlobalSection(ProjectConfigurationPlatforms) = postSolution
		{29DCD73B-9874-484C-852D-626A40D6E777}.Debug|Any CPU.ActiveCfg = Debug|Any CPU
		{29DCD73B-9874-484C-852D-626A40D6E777}.Debug|Any CPU.Build.0 = Debug|Any CPU
		{29DCD73B-9874-484C-852D-626A40D6E777}.Release|Any CPU.ActiveCfg = Release|Any CPU
		{29DCD73B-9874-484C-852D-626A40D6E777}.Release|Any CPU.Build.0 = Release|Any CPU
		{7BBF49C8-4FCF-4580-8AFE-86954DCECDE9}.Debug|Any CPU.ActiveCfg = Debug|Any CPU
		{7BBF49C8-4FCF-4580-8AFE-86954DCECDE9}.Debug|Any CPU.Build.0 = Debug|Any CPU
		{7BBF49C8-4FCF-4580-8AFE-86954DCECDE9}.Release|Any CPU.ActiveCfg = Release|Any CPU
		{7BBF49C8-4FCF-4580-8AFE-86954DCECDE9}.Release|Any CPU.Build.0 = Release|Any CPU
	EndGlobalSection
	GlobalSection(SolutionProperties) = preSolution
		HideSolutionNode = FALSE
	EndGlobalSection
	GlobalSection(ExtensibilityGlobals) = postSolution
		SolutionGuid = {A239CE65-D2E1-467E-9E83-1C4362E85444}
	EndGlobalSection
EndGlobal
